
Microsoft Visual Studio Solution File, Format Version 12.00
# Visual Studio Version 17
VisualStudioVersion = 17.14.36301.6
MinimumVisualStudioVersion = 10.0.40219.1
Project("{FAE04EC0-301F-11D3-BF4B-00C04F79EFBC}") = "techZone.DataAccess", "techZone.DataAccess\techZone.DataAccess.csproj", "{FAC285A3-46ED-42CE-AD32-32B7BF4DB686}"
EndProject
Project("{FAE04EC0-301F-11D3-BF4B-00C04F79EFBC}") = "techZone.Entities", "techZone.Entities\techZone.Entities.csproj", "{731E970D-23EE-4ABD-8A87-E8B58F581327}"
EndProject
Project("{FAE04EC0-301F-11D3-BF4B-00C04F79EFBC}") = "techZone.web", "techZone.web\techZone.web.csproj", "{6533D244-61AF-4632-9DA9-83630A775DE1}"
EndProject
Project("{FAE04EC0-301F-11D3-BF4B-00C04F79EFBC}") = "techZone.Utilities", "techZone.Utilities\techZone.Utilities.csproj", "{8A54B993-2A85-4B27-879D-8B1EBA0A9D27}"
EndProject
Global
	GlobalSection(SolutionConfigurationPlatforms) = preSolution
		Debug|Any CPU = Debug|Any CPU
		Release|Any CPU = Release|Any CPU
	EndGlobalSection
	GlobalSection(ProjectConfigurationPlatforms) = postSolution
		{FAC285A3-46ED-42CE-AD32-32B7BF4DB686}.Debug|Any CPU.ActiveCfg = Debug|Any CPU
		{FAC285A3-46ED-42CE-AD32-32B7BF4DB686}.Debug|Any CPU.Build.0 = Debug|Any CPU
		{FAC285A3-46ED-42CE-AD32-32B7BF4DB686}.Release|Any CPU.ActiveCfg = Release|Any CPU
		{FAC285A3-46ED-42CE-AD32-32B7BF4DB686}.Release|Any CPU.Build.0 = Release|Any CPU
		{731E970D-23EE-4ABD-8A87-E8B58F581327}.Debug|Any CPU.ActiveCfg = Debug|Any CPU
		{731E970D-23EE-4ABD-8A87-E8B58F581327}.Debug|Any CPU.Build.0 = Debug|Any CPU
		{731E970D-23EE-4ABD-8A87-E8B58F581327}.Release|Any CPU.ActiveCfg = Release|Any CPU
		{731E970D-23EE-4ABD-8A87-E8B58F581327}.Release|Any CPU.Build.0 = Release|Any CPU
		{6533D244-61AF-4632-9DA9-83630A775DE1}.Debug|Any CPU.ActiveCfg = Debug|Any CPU
		{6533D244-61AF-4632-9DA9-83630A775DE1}.Debug|Any CPU.Build.0 = Debug|Any CPU
		{6533D244-61AF-4632-9DA9-83630A775DE1}.Release|Any CPU.ActiveCfg = Release|Any CPU
		{6533D244-61AF-4632-9DA9-83630A775DE1}.Release|Any CPU.Build.0 = Release|Any CPU
		{8A54B993-2A85-4B27-879D-8B1EBA0A9D27}.Debug|Any CPU.ActiveCfg = Debug|Any CPU
		{8A54B993-2A85-4B27-879D-8B1EBA0A9D27}.Debug|Any CPU.Build.0 = Debug|Any CPU
		{8A54B993-2A85-4B27-879D-8B1EBA0A9D27}.Release|Any CPU.ActiveCfg = Release|Any CPU
		{8A54B993-2A85-4B27-879D-8B1EBA0A9D27}.Release|Any CPU.Build.0 = Release|Any CPU
	EndGlobalSection
	GlobalSection(SolutionProperties) = preSolution
		HideSolutionNode = FALSE
	EndGlobalSection
	GlobalSection(ExtensibilityGlobals) = postSolution
		SolutionGuid = {CB85099B-0119-4730-A108-8E1EE6BAF2D0}
	EndGlobalSection
EndGlobal
